// !$*UTF8*$!
{
	archiveVersion = 1;
	classes = {
	};
	objectVersion = 55;
	objects = {

/* Begin PBXBuildFile section */
		EE2521932864F976006349AE /* NetworkProvider.swift in Sources */ = {isa = PBXBuildFile; fileRef = EE2521922864F976006349AE /* NetworkProvider.swift */; };
		EE2521962864F9BD006349AE /* Response.swift in Sources */ = {isa = PBXBuildFile; fileRef = EE2521952864F9BD006349AE /* Response.swift */; };
		EE4A6A77286652B600D65CDE /* Characteristic.swift in Sources */ = {isa = PBXBuildFile; fileRef = EE4A6A76286652B600D65CDE /* Characteristic.swift */; };
		EE4A6A79286655D200D65CDE /* PokemonDetail.swift in Sources */ = {isa = PBXBuildFile; fileRef = EE4A6A78286655D200D65CDE /* PokemonDetail.swift */; };
		EE4A6A7B28665BA400D65CDE /* PokemonDescription.swift in Sources */ = {isa = PBXBuildFile; fileRef = EE4A6A7A28665BA400D65CDE /* PokemonDescription.swift */; };
		EEA4C7272866BBDC0090E05F /* PokemonServiceFactory.swift in Sources */ = {isa = PBXBuildFile; fileRef = EEA4C7262866BBDC0090E05F /* PokemonServiceFactory.swift */; };
		EEA4C72A2866BC360090E05F /* PokemonServiceError.swift in Sources */ = {isa = PBXBuildFile; fileRef = EEA4C7292866BC360090E05F /* PokemonServiceError.swift */; };
		EEA4C72C28676E3A0090E05F /* PokemonDetailView.swift in Sources */ = {isa = PBXBuildFile; fileRef = EEA4C72B28676E3A0090E05F /* PokemonDetailView.swift */; };
		EEA4C72F286774040090E05F /* View+Extensions.swift in Sources */ = {isa = PBXBuildFile; fileRef = EEA4C72E286774040090E05F /* View+Extensions.swift */; };
		EEA4C731286774800090E05F /* CornerRadiusStyle.swift in Sources */ = {isa = PBXBuildFile; fileRef = EEA4C730286774800090E05F /* CornerRadiusStyle.swift */; };
		EEA6A5B728622E8D003B3DDF /* API.swift in Sources */ = {isa = PBXBuildFile; fileRef = EEA6A5B628622E8D003B3DDF /* API.swift */; };
		EEA6A5B928625DA0003B3DDF /* Sprite.swift in Sources */ = {isa = PBXBuildFile; fileRef = EEA6A5B828625DA0003B3DDF /* Sprite.swift */; };
		EEA6A5BC28626484003B3DDF /* PokemonService.swift in Sources */ = {isa = PBXBuildFile; fileRef = EEA6A5BB28626484003B3DDF /* PokemonService.swift */; };
		EEA6A5BE28626514003B3DDF /* Network.swift in Sources */ = {isa = PBXBuildFile; fileRef = EEA6A5BD28626514003B3DDF /* Network.swift */; };
		EEA6A5C128626C48003B3DDF /* PokemonListViewModel.swift in Sources */ = {isa = PBXBuildFile; fileRef = EEA6A5C028626C48003B3DDF /* PokemonListViewModel.swift */; };
		EEA6A5C3286358A5003B3DDF /* Pokemon.swift in Sources */ = {isa = PBXBuildFile; fileRef = EEA6A5C2286358A5003B3DDF /* Pokemon.swift */; };
		EEA6A5C528635F1A003B3DDF /* Evolution.swift in Sources */ = {isa = PBXBuildFile; fileRef = EEA6A5C428635F1A003B3DDF /* Evolution.swift */; };
		EEA6A5C828640EA6003B3DDF /* PokemonInfoView.swift in Sources */ = {isa = PBXBuildFile; fileRef = EEA6A5C728640EA6003B3DDF /* PokemonInfoView.swift */; };
		EEA6A5CB28640FE5003B3DDF /* PokemonDetailViewModel.swift in Sources */ = {isa = PBXBuildFile; fileRef = EEA6A5CA28640FE5003B3DDF /* PokemonDetailViewModel.swift */; };
		EEB03D332860E33800516A78 /* PokechallengeApp.swift in Sources */ = {isa = PBXBuildFile; fileRef = EEB03D322860E33800516A78 /* PokechallengeApp.swift */; };
		EEB03D352860E33800516A78 /* PokemonListView.swift in Sources */ = {isa = PBXBuildFile; fileRef = EEB03D342860E33800516A78 /* PokemonListView.swift */; };
		EEB03D372860E33B00516A78 /* Assets.xcassets in Resources */ = {isa = PBXBuildFile; fileRef = EEB03D362860E33B00516A78 /* Assets.xcassets */; };
		EEB03D3A2860E33B00516A78 /* Preview Assets.xcassets in Resources */ = {isa = PBXBuildFile; fileRef = EEB03D392860E33B00516A78 /* Preview Assets.xcassets */; };
		EEB03D5E2860E83D00516A78 /* Constants.swift in Sources */ = {isa = PBXBuildFile; fileRef = EEB03D5D2860E83D00516A78 /* Constants.swift */; };
		EEB03D662860E93F00516A78 /* PokemonSearch.swift in Sources */ = {isa = PBXBuildFile; fileRef = EEB03D652860E93F00516A78 /* PokemonSearch.swift */; };
		EEB03D6A286134DE00516A78 /* Progress.swift in Sources */ = {isa = PBXBuildFile; fileRef = EEB03D69286134DE00516A78 /* Progress.swift */; };
		EEB03D6C28613A0800516A78 /* GenerationView.swift in Sources */ = {isa = PBXBuildFile; fileRef = EEB03D6B28613A0800516A78 /* GenerationView.swift */; };
		EEB03D6E28613A8E00516A78 /* Flavour.swift in Sources */ = {isa = PBXBuildFile; fileRef = EEB03D6D28613A8E00516A78 /* Flavour.swift */; };
		EEB03D72286140B300516A78 /* PokemonView.swift in Sources */ = {isa = PBXBuildFile; fileRef = EEB03D71286140B300516A78 /* PokemonView.swift */; };
		EEB03D7528617BA900516A78 /* Kingfisher in Frameworks */ = {isa = PBXBuildFile; productRef = EEB03D7428617BA900516A78 /* Kingfisher */; };
		EEB03D782862175800516A78 /* Apollo in Frameworks */ = {isa = PBXBuildFile; productRef = EEB03D772862175800516A78 /* Apollo */; };
		EEB03D7A28621A3500516A78 /* schema.json in Resources */ = {isa = PBXBuildFile; fileRef = EEB03D7928621A3500516A78 /* schema.json */; };
		EEB03D7F28621FF800516A78 /* Queries.graphql in Resources */ = {isa = PBXBuildFile; fileRef = EEB03D7E28621FF800516A78 /* Queries.graphql */; };
/* End PBXBuildFile section */

/* Begin PBXFileReference section */
		EE2521922864F976006349AE /* NetworkProvider.swift */ = {isa = PBXFileReference; lastKnownFileType = sourcecode.swift; path = NetworkProvider.swift; sourceTree = "<group>"; };
		EE2521952864F9BD006349AE /* Response.swift */ = {isa = PBXFileReference; lastKnownFileType = sourcecode.swift; path = Response.swift; sourceTree = "<group>"; };
		EE4A6A76286652B600D65CDE /* Characteristic.swift */ = {isa = PBXFileReference; lastKnownFileType = sourcecode.swift; path = Characteristic.swift; sourceTree = "<group>"; };
		EE4A6A78286655D200D65CDE /* PokemonDetail.swift */ = {isa = PBXFileReference; lastKnownFileType = sourcecode.swift; path = PokemonDetail.swift; sourceTree = "<group>"; };
		EE4A6A7A28665BA400D65CDE /* PokemonDescription.swift */ = {isa = PBXFileReference; lastKnownFileType = sourcecode.swift; path = PokemonDescription.swift; sourceTree = "<group>"; };
		EEA4C7262866BBDC0090E05F /* PokemonServiceFactory.swift */ = {isa = PBXFileReference; lastKnownFileType = sourcecode.swift; path = PokemonServiceFactory.swift; sourceTree = "<group>"; };
		EEA4C7292866BC360090E05F /* PokemonServiceError.swift */ = {isa = PBXFileReference; lastKnownFileType = sourcecode.swift; path = PokemonServiceError.swift; sourceTree = "<group>"; };
		EEA4C72B28676E3A0090E05F /* PokemonDetailView.swift */ = {isa = PBXFileReference; lastKnownFileType = sourcecode.swift; path = PokemonDetailView.swift; sourceTree = "<group>"; };
		EEA4C72E286774040090E05F /* View+Extensions.swift */ = {isa = PBXFileReference; lastKnownFileType = sourcecode.swift; path = "View+Extensions.swift"; sourceTree = "<group>"; };
		EEA4C730286774800090E05F /* CornerRadiusStyle.swift */ = {isa = PBXFileReference; lastKnownFileType = sourcecode.swift; path = CornerRadiusStyle.swift; sourceTree = "<group>"; };
		EEA6A5B628622E8D003B3DDF /* API.swift */ = {isa = PBXFileReference; fileEncoding = 4; lastKnownFileType = sourcecode.swift; path = API.swift; sourceTree = "<group>"; };
		EEA6A5B828625DA0003B3DDF /* Sprite.swift */ = {isa = PBXFileReference; lastKnownFileType = sourcecode.swift; path = Sprite.swift; sourceTree = "<group>"; };
		EEA6A5BB28626484003B3DDF /* PokemonService.swift */ = {isa = PBXFileReference; lastKnownFileType = sourcecode.swift; path = PokemonService.swift; sourceTree = "<group>"; };
		EEA6A5BD28626514003B3DDF /* Network.swift */ = {isa = PBXFileReference; lastKnownFileType = sourcecode.swift; path = Network.swift; sourceTree = "<group>"; };
		EEA6A5C028626C48003B3DDF /* PokemonListViewModel.swift */ = {isa = PBXFileReference; lastKnownFileType = sourcecode.swift; path = PokemonListViewModel.swift; sourceTree = "<group>"; };
		EEA6A5C2286358A5003B3DDF /* Pokemon.swift */ = {isa = PBXFileReference; lastKnownFileType = sourcecode.swift; path = Pokemon.swift; sourceTree = "<group>"; };
		EEA6A5C428635F1A003B3DDF /* Evolution.swift */ = {isa = PBXFileReference; lastKnownFileType = sourcecode.swift; path = Evolution.swift; sourceTree = "<group>"; };
		EEA6A5C728640EA6003B3DDF /* PokemonInfoView.swift */ = {isa = PBXFileReference; lastKnownFileType = sourcecode.swift; path = PokemonInfoView.swift; sourceTree = "<group>"; };
		EEA6A5CA28640FE5003B3DDF /* PokemonDetailViewModel.swift */ = {isa = PBXFileReference; lastKnownFileType = sourcecode.swift; path = PokemonDetailViewModel.swift; sourceTree = "<group>"; };
		EEB03D2F2860E33800516A78 /* Pokechallenge.app */ = {isa = PBXFileReference; explicitFileType = wrapper.application; includeInIndex = 0; path = Pokechallenge.app; sourceTree = BUILT_PRODUCTS_DIR; };
		EEB03D322860E33800516A78 /* PokechallengeApp.swift */ = {isa = PBXFileReference; lastKnownFileType = sourcecode.swift; path = PokechallengeApp.swift; sourceTree = "<group>"; };
		EEB03D342860E33800516A78 /* PokemonListView.swift */ = {isa = PBXFileReference; lastKnownFileType = sourcecode.swift; path = PokemonListView.swift; sourceTree = "<group>"; };
		EEB03D362860E33B00516A78 /* Assets.xcassets */ = {isa = PBXFileReference; lastKnownFileType = folder.assetcatalog; path = Assets.xcassets; sourceTree = "<group>"; };
		EEB03D392860E33B00516A78 /* Preview Assets.xcassets */ = {isa = PBXFileReference; lastKnownFileType = folder.assetcatalog; path = "Preview Assets.xcassets"; sourceTree = "<group>"; };
		EEB03D5D2860E83D00516A78 /* Constants.swift */ = {isa = PBXFileReference; lastKnownFileType = sourcecode.swift; path = Constants.swift; sourceTree = "<group>"; };
		EEB03D652860E93F00516A78 /* PokemonSearch.swift */ = {isa = PBXFileReference; lastKnownFileType = sourcecode.swift; path = PokemonSearch.swift; sourceTree = "<group>"; };
		EEB03D69286134DE00516A78 /* Progress.swift */ = {isa = PBXFileReference; lastKnownFileType = sourcecode.swift; path = Progress.swift; sourceTree = "<group>"; };
		EEB03D6B28613A0800516A78 /* GenerationView.swift */ = {isa = PBXFileReference; lastKnownFileType = sourcecode.swift; path = GenerationView.swift; sourceTree = "<group>"; };
		EEB03D6D28613A8E00516A78 /* Flavour.swift */ = {isa = PBXFileReference; lastKnownFileType = sourcecode.swift; path = Flavour.swift; sourceTree = "<group>"; };
		EEB03D71286140B300516A78 /* PokemonView.swift */ = {isa = PBXFileReference; lastKnownFileType = sourcecode.swift; path = PokemonView.swift; sourceTree = "<group>"; };
		EEB03D7928621A3500516A78 /* schema.json */ = {isa = PBXFileReference; lastKnownFileType = text.json; path = schema.json; sourceTree = "<group>"; };
		EEB03D7E28621FF800516A78 /* Queries.graphql */ = {isa = PBXFileReference; lastKnownFileType = text; path = Queries.graphql; sourceTree = "<group>"; };
/* End PBXFileReference section */

/* Begin PBXFrameworksBuildPhase section */
		EEB03D2C2860E33800516A78 /* Frameworks */ = {
			isa = PBXFrameworksBuildPhase;
			buildActionMask = 2147483647;
			files = (
				EEB03D7528617BA900516A78 /* Kingfisher in Frameworks */,
				EEB03D782862175800516A78 /* Apollo in Frameworks */,
			);
			runOnlyForDeploymentPostprocessing = 0;
		};
/* End PBXFrameworksBuildPhase section */

/* Begin PBXGroup section */
		EE2521942864F9B0006349AE /* Models */ = {
			isa = PBXGroup;
			children = (
				EE2521952864F9BD006349AE /* Response.swift */,
			);
			path = Models;
			sourceTree = "<group>";
		};
		EE88665A2864B74500A4CD36 /* Views */ = {
			isa = PBXGroup;
			children = (
				EEB03D69286134DE00516A78 /* Progress.swift */,
			);
			path = Views;
			sourceTree = "<group>";
		};
		EEA4C7282866BBEE0090E05F /* Models */ = {
			isa = PBXGroup;
			children = (
				EEA4C7262866BBDC0090E05F /* PokemonServiceFactory.swift */,
				EEA4C7292866BC360090E05F /* PokemonServiceError.swift */,
			);
			path = Models;
			sourceTree = "<group>";
		};
		EEA6A5BA2862646E003B3DDF /* Services */ = {
			isa = PBXGroup;
			children = (
				EEA4C7282866BBEE0090E05F /* Models */,
				EEA6A5BB28626484003B3DDF /* PokemonService.swift */,
			);
			path = Services;
			sourceTree = "<group>";
		};
		EEA6A5BF28626569003B3DDF /* Resources */ = {
			isa = PBXGroup;
			children = (
				EEB03D5D2860E83D00516A78 /* Constants.swift */,
				EEB03D362860E33B00516A78 /* Assets.xcassets */,
				EEB03D382860E33B00516A78 /* Preview Content */,
				EE88665A2864B74500A4CD36 /* Views */,
			);
			path = Resources;
			sourceTree = "<group>";
		};
		EEA6A5C628640E68003B3DDF /* PokemonList */ = {
			isa = PBXGroup;
			children = (
				EEA6A5C028626C48003B3DDF /* PokemonListViewModel.swift */,
				EEB03D612860E8AD00516A78 /* Views */,
			);
			path = PokemonList;
			sourceTree = "<group>";
		};
		EEA6A5C928640ECA003B3DDF /* PokemonDetail */ = {
			isa = PBXGroup;
			children = (
				EEA6A5CA28640FE5003B3DDF /* PokemonDetailViewModel.swift */,
				EEB03D602860E8A600516A78 /* Views */,
			);
			path = PokemonDetail;
			sourceTree = "<group>";
		};
		EEB03D262860E33800516A78 = {
			isa = PBXGroup;
			children = (
				EEB03D312860E33800516A78 /* Pokechallenge */,
				EEB03D302860E33800516A78 /* Products */,
			);
			sourceTree = "<group>";
		};
		EEB03D302860E33800516A78 /* Products */ = {
			isa = PBXGroup;
			children = (
				EEB03D2F2860E33800516A78 /* Pokechallenge.app */,
			);
			name = Products;
			sourceTree = "<group>";
		};
		EEB03D312860E33800516A78 /* Pokechallenge */ = {
			isa = PBXGroup;
			children = (
				EEA6A5BF28626569003B3DDF /* Resources */,
				EEB03D5F2860E89F00516A78 /* Models */,
				EEA6A5BA2862646E003B3DDF /* Services */,
				EEA6A5C928640ECA003B3DDF /* PokemonDetail */,
				EEA6A5C628640E68003B3DDF /* PokemonList */,
				EEB03D632860E8C400516A78 /* Extensions */,
				EEB03D622860E8B700516A78 /* Networking */,
				EEB03D322860E33800516A78 /* PokechallengeApp.swift */,
			);
			path = Pokechallenge;
			sourceTree = "<group>";
		};
		EEB03D382860E33B00516A78 /* Preview Content */ = {
			isa = PBXGroup;
			children = (
				EEB03D392860E33B00516A78 /* Preview Assets.xcassets */,
			);
			path = "Preview Content";
			sourceTree = "<group>";
		};
		EEB03D5F2860E89F00516A78 /* Models */ = {
			isa = PBXGroup;
			children = (
				EEB03D652860E93F00516A78 /* PokemonSearch.swift */,
				EEA6A5C2286358A5003B3DDF /* Pokemon.swift */,
				EE4A6A78286655D200D65CDE /* PokemonDetail.swift */,
				EE4A6A76286652B600D65CDE /* Characteristic.swift */,
				EE4A6A7A28665BA400D65CDE /* PokemonDescription.swift */,
				EEA6A5C428635F1A003B3DDF /* Evolution.swift */,
				EEB03D6D28613A8E00516A78 /* Flavour.swift */,
				EEA6A5B828625DA0003B3DDF /* Sprite.swift */,
			);
			path = Models;
			sourceTree = "<group>";
		};
		EEB03D602860E8A600516A78 /* Views */ = {
			isa = PBXGroup;
			children = (
				EEA6A5C728640EA6003B3DDF /* PokemonInfoView.swift */,
				EEA4C72B28676E3A0090E05F /* PokemonDetailView.swift */,
				EEA4C730286774800090E05F /* CornerRadiusStyle.swift */,
			);
			path = Views;
			sourceTree = "<group>";
		};
		EEB03D612860E8AD00516A78 /* Views */ = {
			isa = PBXGroup;
			children = (
				EEB03D342860E33800516A78 /* PokemonListView.swift */,
				EEB03D6B28613A0800516A78 /* GenerationView.swift */,
				EEB03D71286140B300516A78 /* PokemonView.swift */,
			);
			path = Views;
			sourceTree = "<group>";
		};
		EEB03D622860E8B700516A78 /* Networking */ = {
			isa = PBXGroup;
			children = (
				EE2521942864F9B0006349AE /* Models */,
				EEA6A5B628622E8D003B3DDF /* API.swift */,
				EEB03D7928621A3500516A78 /* schema.json */,
				EEB03D7E28621FF800516A78 /* Queries.graphql */,
				EEA6A5BD28626514003B3DDF /* Network.swift */,
				EE2521922864F976006349AE /* NetworkProvider.swift */,
			);
			path = Networking;
			sourceTree = "<group>";
		};
		EEB03D632860E8C400516A78 /* Extensions */ = {
			isa = PBXGroup;
			children = (
				EEA4C72E286774040090E05F /* View+Extensions.swift */,
			);
			path = Extensions;
			sourceTree = "<group>";
		};
/* End PBXGroup section */

/* Begin PBXNativeTarget section */
		EEB03D2E2860E33800516A78 /* Pokechallenge */ = {
			isa = PBXNativeTarget;
			buildConfigurationList = EEB03D532860E33B00516A78 /* Build configuration list for PBXNativeTarget "Pokechallenge" */;
			buildPhases = (
				EEB03D5C2860E3E600516A78 /* SwiftLint */,
				EEB03D7B28621B1B00516A78 /* Generate Apollo GraphQL API */,
				EEB03D2B2860E33800516A78 /* Sources */,
				EEB03D2C2860E33800516A78 /* Frameworks */,
				EEB03D2D2860E33800516A78 /* Resources */,
			);
			buildRules = (
			);
			dependencies = (
			);
			name = Pokechallenge;
			packageProductDependencies = (
				EEB03D7428617BA900516A78 /* Kingfisher */,
				EEB03D772862175800516A78 /* Apollo */,
			);
			productName = Pokechallenge;
			productReference = EEB03D2F2860E33800516A78 /* Pokechallenge.app */;
			productType = "com.apple.product-type.application";
		};
/* End PBXNativeTarget section */

/* Begin PBXProject section */
		EEB03D272860E33800516A78 /* Project object */ = {
			isa = PBXProject;
			attributes = {
				BuildIndependentTargetsInParallel = 1;
				LastSwiftUpdateCheck = 1330;
				LastUpgradeCheck = 1330;
				TargetAttributes = {
					EEB03D2E2860E33800516A78 = {
						CreatedOnToolsVersion = 13.3;
					};
				};
			};
			buildConfigurationList = EEB03D2A2860E33800516A78 /* Build configuration list for PBXProject "Pokechallenge" */;
			compatibilityVersion = "Xcode 13.0";
			developmentRegion = en;
			hasScannedForEncodings = 0;
			knownRegions = (
				en,
				Base,
			);
			mainGroup = EEB03D262860E33800516A78;
			packageReferences = (
				EEB03D7328617BA900516A78 /* XCRemoteSwiftPackageReference "Kingfisher" */,
				EEB03D762862175800516A78 /* XCRemoteSwiftPackageReference "apollo-ios" */,
			);
			productRefGroup = EEB03D302860E33800516A78 /* Products */;
			projectDirPath = "";
			projectRoot = "";
			targets = (
				EEB03D2E2860E33800516A78 /* Pokechallenge */,
			);
		};
/* End PBXProject section */

/* Begin PBXResourcesBuildPhase section */
		EEB03D2D2860E33800516A78 /* Resources */ = {
			isa = PBXResourcesBuildPhase;
			buildActionMask = 2147483647;
			files = (
				EEB03D3A2860E33B00516A78 /* Preview Assets.xcassets in Resources */,
				EEB03D7F28621FF800516A78 /* Queries.graphql in Resources */,
				EEB03D7A28621A3500516A78 /* schema.json in Resources */,
				EEB03D372860E33B00516A78 /* Assets.xcassets in Resources */,
			);
			runOnlyForDeploymentPostprocessing = 0;
		};
/* End PBXResourcesBuildPhase section */

/* Begin PBXShellScriptBuildPhase section */
		EEB03D5C2860E3E600516A78 /* SwiftLint */ = {
			isa = PBXShellScriptBuildPhase;
			buildActionMask = 2147483647;
			files = (
			);
			inputFileListPaths = (
			);
			inputPaths = (
			);
			name = SwiftLint;
			outputFileListPaths = (
			);
			outputPaths = (
			);
			runOnlyForDeploymentPostprocessing = 0;
			shellPath = /bin/sh;
			shellScript = "if which swiftlint > /dev/null; then\n  swiftlint\nelse\n  echo \"warning: SwiftLint not installed, download from https://github.com/realm/SwiftLint\"\nfi\n";
		};
		EEB03D7B28621B1B00516A78 /* Generate Apollo GraphQL API */ = {
			isa = PBXShellScriptBuildPhase;
			buildActionMask = 2147483647;
			files = (
			);
			inputFileListPaths = (
			);
			inputPaths = (
			);
			name = "Generate Apollo GraphQL API";
			outputFileListPaths = (
			);
			outputPaths = (
			);
			runOnlyForDeploymentPostprocessing = 0;
			shellPath = /bin/sh;
			shellScript = "# Don't run this during index builds\nif [ $ACTION = \"indexbuild\" ]; then exit 0; fi\n\n# Go to the build root and search up the chain to find the Derived Data Path where the source packages are checked out.\nDERIVED_DATA_CANDIDATE=\"${BUILD_ROOT}\"\n\nwhile ! [ -d \"${DERIVED_DATA_CANDIDATE}/SourcePackages\" ]; do\n  if [ \"${DERIVED_DATA_CANDIDATE}\" = / ]; then\n    echo >&2 \"error: Unable to locate SourcePackages directory from BUILD_ROOT: '${BUILD_ROOT}'\"\n    exit 1\n  fi\n\n  DERIVED_DATA_CANDIDATE=\"$(dirname \"${DERIVED_DATA_CANDIDATE}\")\"\ndone\n\n# Grab a reference to the directory where scripts are checked out\nSCRIPT_PATH=\"${DERIVED_DATA_CANDIDATE}/SourcePackages/checkouts/apollo-ios/scripts\"\n\nif [ -z \"${SCRIPT_PATH}\" ]; then\n    echo >&2 \"error: Couldn't find the CLI script in your checked out SPM packages; make sure to add the framework to your project.\"\n    exit 1\nfi\n\ncd \"${SRCROOT}/${TARGET_NAME}\"\n\"${SCRIPT_PATH}\"/run-bundled-codegen.sh codegen:generate --target=swift --includes=./**/*.graphql --localSchemaFile=\"Networking/schema.json\" ./Networking/API.swift\n";
		};
/* End PBXShellScriptBuildPhase section */

/* Begin PBXSourcesBuildPhase section */
		EEB03D2B2860E33800516A78 /* Sources */ = {
			isa = PBXSourcesBuildPhase;
			buildActionMask = 2147483647;
			files = (
				EEA6A5BE28626514003B3DDF /* Network.swift in Sources */,
				EEA6A5B728622E8D003B3DDF /* API.swift in Sources */,
				EEB03D6A286134DE00516A78 /* Progress.swift in Sources */,
				EEA6A5B928625DA0003B3DDF /* Sprite.swift in Sources */,
				EEA6A5C128626C48003B3DDF /* PokemonListViewModel.swift in Sources */,
				EE4A6A77286652B600D65CDE /* Characteristic.swift in Sources */,
				EEA4C72C28676E3A0090E05F /* PokemonDetailView.swift in Sources */,
				EEA4C7272866BBDC0090E05F /* PokemonServiceFactory.swift in Sources */,
				EEA4C731286774800090E05F /* CornerRadiusStyle.swift in Sources */,
				EE4A6A7B28665BA400D65CDE /* PokemonDescription.swift in Sources */,
				EEA4C72A2866BC360090E05F /* PokemonServiceError.swift in Sources */,
				EE2521962864F9BD006349AE /* Response.swift in Sources */,
				EE2521932864F976006349AE /* NetworkProvider.swift in Sources */,
				EEA6A5C3286358A5003B3DDF /* Pokemon.swift in Sources */,
				EEB03D352860E33800516A78 /* PokemonListView.swift in Sources */,
				EEB03D662860E93F00516A78 /* PokemonSearch.swift in Sources */,
				EEA6A5BC28626484003B3DDF /* PokemonService.swift in Sources */,
				EEA6A5C828640EA6003B3DDF /* PokemonInfoView.swift in Sources */,
				EEB03D332860E33800516A78 /* PokechallengeApp.swift in Sources */,
				EEA6A5CB28640FE5003B3DDF /* PokemonDetailViewModel.swift in Sources */,
				EEB03D6C28613A0800516A78 /* GenerationView.swift in Sources */,
				EE4A6A79286655D200D65CDE /* PokemonDetail.swift in Sources */,
				EEB03D5E2860E83D00516A78 /* Constants.swift in Sources */,
				EEA4C72F286774040090E05F /* View+Extensions.swift in Sources */,
				EEB03D72286140B300516A78 /* PokemonView.swift in Sources */,
				EEB03D6E28613A8E00516A78 /* Flavour.swift in Sources */,
				EEA6A5C528635F1A003B3DDF /* Evolution.swift in Sources */,
			);
			runOnlyForDeploymentPostprocessing = 0;
		};
/* End PBXSourcesBuildPhase section */

/* Begin XCBuildConfiguration section */
		EEB03D512860E33B00516A78 /* Debug */ = {
			isa = XCBuildConfiguration;
			buildSettings = {
				ALWAYS_SEARCH_USER_PATHS = NO;
				CLANG_ANALYZER_NONNULL = YES;
				CLANG_ANALYZER_NUMBER_OBJECT_CONVERSION = YES_AGGRESSIVE;
				CLANG_CXX_LANGUAGE_STANDARD = "gnu++17";
				CLANG_ENABLE_MODULES = YES;
				CLANG_ENABLE_OBJC_ARC = YES;
				CLANG_ENABLE_OBJC_WEAK = YES;
				CLANG_WARN_BLOCK_CAPTURE_AUTORELEASING = YES;
				CLANG_WARN_BOOL_CONVERSION = YES;
				CLANG_WARN_COMMA = YES;
				CLANG_WARN_CONSTANT_CONVERSION = YES;
				CLANG_WARN_DEPRECATED_OBJC_IMPLEMENTATIONS = YES;
				CLANG_WARN_DIRECT_OBJC_ISA_USAGE = YES_ERROR;
				CLANG_WARN_DOCUMENTATION_COMMENTS = YES;
				CLANG_WARN_EMPTY_BODY = YES;
				CLANG_WARN_ENUM_CONVERSION = YES;
				CLANG_WARN_INFINITE_RECURSION = YES;
				CLANG_WARN_INT_CONVERSION = YES;
				CLANG_WARN_NON_LITERAL_NULL_CONVERSION = YES;
				CLANG_WARN_OBJC_IMPLICIT_RETAIN_SELF = YES;
				CLANG_WARN_OBJC_LITERAL_CONVERSION = YES;
				CLANG_WARN_OBJC_ROOT_CLASS = YES_ERROR;
				CLANG_WARN_QUOTED_INCLUDE_IN_FRAMEWORK_HEADER = YES;
				CLANG_WARN_RANGE_LOOP_ANALYSIS = YES;
				CLANG_WARN_STRICT_PROTOTYPES = YES;
				CLANG_WARN_SUSPICIOUS_MOVE = YES;
				CLANG_WARN_UNGUARDED_AVAILABILITY = YES_AGGRESSIVE;
				CLANG_WARN_UNREACHABLE_CODE = YES;
				CLANG_WARN__DUPLICATE_METHOD_MATCH = YES;
				COPY_PHASE_STRIP = NO;
				DEBUG_INFORMATION_FORMAT = dwarf;
				ENABLE_STRICT_OBJC_MSGSEND = YES;
				ENABLE_TESTABILITY = YES;
				GCC_C_LANGUAGE_STANDARD = gnu11;
				GCC_DYNAMIC_NO_PIC = NO;
				GCC_NO_COMMON_BLOCKS = YES;
				GCC_OPTIMIZATION_LEVEL = 0;
				GCC_PREPROCESSOR_DEFINITIONS = (
					"DEBUG=1",
					"$(inherited)",
				);
				GCC_WARN_64_TO_32_BIT_CONVERSION = YES;
				GCC_WARN_ABOUT_RETURN_TYPE = YES_ERROR;
				GCC_WARN_UNDECLARED_SELECTOR = YES;
				GCC_WARN_UNINITIALIZED_AUTOS = YES_AGGRESSIVE;
				GCC_WARN_UNUSED_FUNCTION = YES;
				GCC_WARN_UNUSED_VARIABLE = YES;
				IPHONEOS_DEPLOYMENT_TARGET = 15.4;
				MTL_ENABLE_DEBUG_INFO = INCLUDE_SOURCE;
				MTL_FAST_MATH = YES;
				ONLY_ACTIVE_ARCH = YES;
				SDKROOT = iphoneos;
				SWIFT_ACTIVE_COMPILATION_CONDITIONS = DEBUG;
				SWIFT_OPTIMIZATION_LEVEL = "-Onone";
			};
			name = Debug;
		};
		EEB03D522860E33B00516A78 /* Release */ = {
			isa = XCBuildConfiguration;
			buildSettings = {
				ALWAYS_SEARCH_USER_PATHS = NO;
				CLANG_ANALYZER_NONNULL = YES;
				CLANG_ANALYZER_NUMBER_OBJECT_CONVERSION = YES_AGGRESSIVE;
				CLANG_CXX_LANGUAGE_STANDARD = "gnu++17";
				CLANG_ENABLE_MODULES = YES;
				CLANG_ENABLE_OBJC_ARC = YES;
				CLANG_ENABLE_OBJC_WEAK = YES;
				CLANG_WARN_BLOCK_CAPTURE_AUTORELEASING = YES;
				CLANG_WARN_BOOL_CONVERSION = YES;
				CLANG_WARN_COMMA = YES;
				CLANG_WARN_CONSTANT_CONVERSION = YES;
				CLANG_WARN_DEPRECATED_OBJC_IMPLEMENTATIONS = YES;
				CLANG_WARN_DIRECT_OBJC_ISA_USAGE = YES_ERROR;
				CLANG_WARN_DOCUMENTATION_COMMENTS = YES;
				CLANG_WARN_EMPTY_BODY = YES;
				CLANG_WARN_ENUM_CONVERSION = YES;
				CLANG_WARN_INFINITE_RECURSION = YES;
				CLANG_WARN_INT_CONVERSION = YES;
				CLANG_WARN_NON_LITERAL_NULL_CONVERSION = YES;
				CLANG_WARN_OBJC_IMPLICIT_RETAIN_SELF = YES;
				CLANG_WARN_OBJC_LITERAL_CONVERSION = YES;
				CLANG_WARN_OBJC_ROOT_CLASS = YES_ERROR;
				CLANG_WARN_QUOTED_INCLUDE_IN_FRAMEWORK_HEADER = YES;
				CLANG_WARN_RANGE_LOOP_ANALYSIS = YES;
				CLANG_WARN_STRICT_PROTOTYPES = YES;
				CLANG_WARN_SUSPICIOUS_MOVE = YES;
				CLANG_WARN_UNGUARDED_AVAILABILITY = YES_AGGRESSIVE;
				CLANG_WARN_UNREACHABLE_CODE = YES;
				CLANG_WARN__DUPLICATE_METHOD_MATCH = YES;
				COPY_PHASE_STRIP = NO;
				DEBUG_INFORMATION_FORMAT = "dwarf-with-dsym";
				ENABLE_NS_ASSERTIONS = NO;
				ENABLE_STRICT_OBJC_MSGSEND = YES;
				GCC_C_LANGUAGE_STANDARD = gnu11;
				GCC_NO_COMMON_BLOCKS = YES;
				GCC_WARN_64_TO_32_BIT_CONVERSION = YES;
				GCC_WARN_ABOUT_RETURN_TYPE = YES_ERROR;
				GCC_WARN_UNDECLARED_SELECTOR = YES;
				GCC_WARN_UNINITIALIZED_AUTOS = YES_AGGRESSIVE;
				GCC_WARN_UNUSED_FUNCTION = YES;
				GCC_WARN_UNUSED_VARIABLE = YES;
				IPHONEOS_DEPLOYMENT_TARGET = 15.4;
				MTL_ENABLE_DEBUG_INFO = NO;
				MTL_FAST_MATH = YES;
				SDKROOT = iphoneos;
				SWIFT_COMPILATION_MODE = wholemodule;
				SWIFT_OPTIMIZATION_LEVEL = "-O";
				VALIDATE_PRODUCT = YES;
			};
			name = Release;
		};
		EEB03D542860E33B00516A78 /* Debug */ = {
			isa = XCBuildConfiguration;
			buildSettings = {
				ASSETCATALOG_COMPILER_APPICON_NAME = AppIcon;
				ASSETCATALOG_COMPILER_GLOBAL_ACCENT_COLOR_NAME = AccentColor;
				CODE_SIGN_STYLE = Automatic;
				CURRENT_PROJECT_VERSION = 1;
				DEVELOPMENT_ASSET_PATHS = "\"Pokechallenge/Resources/Preview Content\"";
				ENABLE_PREVIEWS = YES;
				GENERATE_INFOPLIST_FILE = YES;
				INFOPLIST_KEY_UIApplicationSceneManifest_Generation = YES;
				INFOPLIST_KEY_UIApplicationSupportsIndirectInputEvents = YES;
				INFOPLIST_KEY_UILaunchScreen_Generation = YES;
				INFOPLIST_KEY_UISupportedInterfaceOrientations_iPad = "UIInterfaceOrientationPortrait UIInterfaceOrientationPortraitUpsideDown UIInterfaceOrientationLandscapeLeft UIInterfaceOrientationLandscapeRight";
				INFOPLIST_KEY_UISupportedInterfaceOrientations_iPhone = "UIInterfaceOrientationPortrait UIInterfaceOrientationLandscapeLeft UIInterfaceOrientationLandscapeRight";
				LD_RUNPATH_SEARCH_PATHS = (
					"$(inherited)",
					"@executable_path/Frameworks",
				);
				MARKETING_VERSION = 1.0;
				PRODUCT_BUNDLE_IDENTIFIER = com.Pokechallenge;
				PRODUCT_NAME = "$(TARGET_NAME)";
				SWIFT_EMIT_LOC_STRINGS = YES;
				SWIFT_VERSION = 5.0;
				TARGETED_DEVICE_FAMILY = "1,2";
			};
			name = Debug;
		};
		EEB03D552860E33B00516A78 /* Release */ = {
			isa = XCBuildConfiguration;
			buildSettings = {
				ASSETCATALOG_COMPILER_APPICON_NAME = AppIcon;
				ASSETCATALOG_COMPILER_GLOBAL_ACCENT_COLOR_NAME = AccentColor;
				CODE_SIGN_STYLE = Automatic;
				CURRENT_PROJECT_VERSION = 1;
				DEVELOPMENT_ASSET_PATHS = "\"Pokechallenge/Resources/Preview Content\"";
				ENABLE_PREVIEWS = YES;
				GENERATE_INFOPLIST_FILE = YES;
				INFOPLIST_KEY_UIApplicationSceneManifest_Generation = YES;
				INFOPLIST_KEY_UIApplicationSupportsIndirectInputEvents = YES;
				INFOPLIST_KEY_UILaunchScreen_Generation = YES;
				INFOPLIST_KEY_UISupportedInterfaceOrientations_iPad = "UIInterfaceOrientationPortrait UIInterfaceOrientationPortraitUpsideDown UIInterfaceOrientationLandscapeLeft UIInterfaceOrientationLandscapeRight";
				INFOPLIST_KEY_UISupportedInterfaceOrientations_iPhone = "UIInterfaceOrientationPortrait UIInterfaceOrientationLandscapeLeft UIInterfaceOrientationLandscapeRight";
				LD_RUNPATH_SEARCH_PATHS = (
					"$(inherited)",
					"@executable_path/Frameworks",
				);
				MARKETING_VERSION = 1.0;
				PRODUCT_BUNDLE_IDENTIFIER = com.Pokechallenge;
				PRODUCT_NAME = "$(TARGET_NAME)";
				SWIFT_EMIT_LOC_STRINGS = YES;
				SWIFT_VERSION = 5.0;
				TARGETED_DEVICE_FAMILY = "1,2";
			};
			name = Release;
		};
/* End XCBuildConfiguration section */

/* Begin XCConfigurationList section */
		EEB03D2A2860E33800516A78 /* Build configuration list for PBXProject "Pokechallenge" */ = {
			isa = XCConfigurationList;
			buildConfigurations = (
				EEB03D512860E33B00516A78 /* Debug */,
				EEB03D522860E33B00516A78 /* Release */,
			);
			defaultConfigurationIsVisible = 0;
			defaultConfigurationName = Release;
		};
		EEB03D532860E33B00516A78 /* Build configuration list for PBXNativeTarget "Pokechallenge" */ = {
			isa = XCConfigurationList;
			buildConfigurations = (
				EEB03D542860E33B00516A78 /* Debug */,
				EEB03D552860E33B00516A78 /* Release */,
			);
			defaultConfigurationIsVisible = 0;
			defaultConfigurationName = Release;
		};
/* End XCConfigurationList section */

/* Begin XCRemoteSwiftPackageReference section */
		EEB03D7328617BA900516A78 /* XCRemoteSwiftPackageReference "Kingfisher" */ = {
			isa = XCRemoteSwiftPackageReference;
			repositoryURL = "https://github.com/onevcat/Kingfisher.git";
			requirement = {
				kind = upToNextMajorVersion;
				minimumVersion = 7.0.0;
			};
		};
		EEB03D762862175800516A78 /* XCRemoteSwiftPackageReference "apollo-ios" */ = {
			isa = XCRemoteSwiftPackageReference;
			repositoryURL = "https://github.com/apollographql/apollo-ios.git";
			requirement = {
				kind = upToNextMajorVersion;
				minimumVersion = 0.9.5;
			};
		};
/* End XCRemoteSwiftPackageReference section */

/* Begin XCSwiftPackageProductDependency section */
		EEB03D7428617BA900516A78 /* Kingfisher */ = {
			isa = XCSwiftPackageProductDependency;
			package = EEB03D7328617BA900516A78 /* XCRemoteSwiftPackageReference "Kingfisher" */;
			productName = Kingfisher;
		};
		EEB03D772862175800516A78 /* Apollo */ = {
			isa = XCSwiftPackageProductDependency;
			package = EEB03D762862175800516A78 /* XCRemoteSwiftPackageReference "apollo-ios" */;
			productName = Apollo;
		};
/* End XCSwiftPackageProductDependency section */
	};
	rootObject = EEB03D272860E33800516A78 /* Project object */;
}
